PODS:
  - MASPreferences (1.1.2)
  - MASShortcut (2.3.3)
  - Sparkle (1.9.0)

DEPENDENCIES:
  - MASPreferences (~> 1.1.2)
  - MASShortcut (~> 2.3.3)
  - Sparkle (~> 1.9)

SPEC CHECKSUMS:
  MASPreferences: 32d8a2c5ef1d60b63240f5676b011ff72e194cb1
  MASShortcut: 38a76c9ea927de770c0a97ae28b15d18d6268b24
  Sparkle: 75bbbc5ab2d666f7f77c241afe7fd28364a8f9f7

COCOAPODS: 0.39.0
