PODS:
  - FMDB (2.6.2):
    - FMDB/standard (= 2.6.2)
  - FMDB/standard (2.6.2)
  - Kiwi (2.4.0)
  - MASPreferences (1.1.4)
  - MASShortcut (2.3.3)
  - VCRURLConnection (0.2.0)

DEPENDENCIES:
  - FMDB (~> 2.6.2)
  - Kiwi
  - MASPreferences (= 1.1.4)
  - MASShortcut (~> 2.3.3)
  - VCRURLConnection

SPEC REPOS:
  https://github.com/cocoapods/specs.git:
    - FMDB
    - Kiwi
    - MASPreferences
    - MASShortcut
    - VCRURLConnection

SPEC CHECKSUMS:
  FMDB: 854a0341b4726e53276f2a8996f06f1b80f9259a
  Kiwi: f49c9d54b28917df5928fe44968a39ed198cb8a8
  MASPreferences: 7bdcfe891d7840453cf48f95fa866c3e152ace7a
  MASShortcut: 38a76c9ea927de770c0a97ae28b15d18d6268b24
  VCRURLConnection: accd771ebd4be11183a3e4d5a4403f180a9a235e

PODFILE CHECKSUM: 765a2a1fcc00aba9ceff7a5530b913ae85e6fbf4

COCOAPODS: 1.7.5
