PODS:
  - Crashlytics (3.7.0):
    - Fabric (~> 1.6.3)
  - Fabric (1.6.7)
  - Kiwi (2.4.0)
  - MASPreferences (1.1.4)
  - MASShortcut (2.3.3)
  - VCRURLConnection (0.2.0)

DEPENDENCIES:
  - Crashlytics
  - Fabric
  - Kiwi
  - MASPreferences (= 1.1.4)
  - MASShortcut (~> 2.3.3)
  - VCRURLConnection

SPEC CHECKSUMS:
  Crashlytics: c3a2333dea9e2733d2777f730910321fc9e25c0d
  Fabric: caf7580c725e64db144f610ac65cd60956911dc7
  Kiwi: f49c9d54b28917df5928fe44968a39ed198cb8a8
  MASPreferences: 7bdcfe891d7840453cf48f95fa866c3e152ace7a
  MASShortcut: 38a76c9ea927de770c0a97ae28b15d18d6268b24
  VCRURLConnection: accd771ebd4be11183a3e4d5a4403f180a9a235e

PODFILE CHECKSUM: 4afe1d21fa16709bdd0ea341f01d37a8a8b62ebc

COCOAPODS: 1.1.1
