<?xml version="1.0" encoding="UTF-8"?>
<!DOCTYPE plist PUBLIC "-//Apple//DTD PLIST 1.0//EN" "http://www.apple.com/DTDs/PropertyList-1.0.dtd">
<plist version="1.0">
<dict>
	<key>archiveVersion</key>
	<string>1</string>
	<key>classes</key>
	<dict/>
	<key>objectVersion</key>
	<string>46</string>
	<key>objects</key>
	<dict>
		<key>030123391868B1F90080115F</key>
		<dict>
			<key>isa</key>
			<string>PBXFileReference</string>
			<key>lastKnownFileType</key>
			<string>file.bplist</string>
			<key>path</key>
			<string>BeardedSpiceUserDefaults.plist</string>
			<key>sourceTree</key>
			<string>&lt;group&gt;</string>
		</dict>
		<key>0301233A1868B1F90080115F</key>
		<dict>
			<key>fileRef</key>
			<string>030123391868B1F90080115F</string>
			<key>isa</key>
			<string>PBXBuildFile</string>
		</dict>
		<key>031D8144187F929D00A93E00</key>
		<dict>
			<key>fileEncoding</key>
			<string>4</string>
			<key>isa</key>
			<string>PBXFileReference</string>
			<key>lastKnownFileType</key>
			<string>sourcecode.c.h</string>
			<key>path</key>
			<string>GoogleMusicStrategy.h</string>
			<key>sourceTree</key>
			<string>&lt;group&gt;</string>
		</dict>
		<key>031D8145187F929D00A93E00</key>
		<dict>
			<key>fileEncoding</key>
			<string>4</string>
			<key>isa</key>
			<string>PBXFileReference</string>
			<key>lastKnownFileType</key>
			<string>sourcecode.c.objc</string>
			<key>path</key>
			<string>GoogleMusicStrategy.m</string>
			<key>sourceTree</key>
			<string>&lt;group&gt;</string>
		</dict>
		<key>031D8146187F929D00A93E00</key>
		<dict>
			<key>fileRef</key>
			<string>031D8145187F929D00A93E00</string>
			<key>isa</key>
			<string>PBXBuildFile</string>
		</dict>
		<key>031D8147187F982A00A93E00</key>
		<dict>
			<key>fileEncoding</key>
			<string>4</string>
			<key>isa</key>
			<string>PBXFileReference</string>
			<key>lastKnownFileType</key>
			<string>sourcecode.c.h</string>
			<key>path</key>
			<string>RdioStrategy.h</string>
			<key>sourceTree</key>
			<string>&lt;group&gt;</string>
		</dict>
		<key>031D8148187F982A00A93E00</key>
		<dict>
			<key>fileEncoding</key>
			<string>4</string>
			<key>isa</key>
			<string>PBXFileReference</string>
			<key>lastKnownFileType</key>
			<string>sourcecode.c.objc</string>
			<key>path</key>
			<string>RdioStrategy.m</string>
			<key>sourceTree</key>
			<string>&lt;group&gt;</string>
		</dict>
		<key>031D8149187F982A00A93E00</key>
		<dict>
			<key>fileRef</key>
			<string>031D8148187F982A00A93E00</string>
			<key>isa</key>
			<string>PBXBuildFile</string>
		</dict>
		<key>0320C0511868C6C2009591CA</key>
		<dict>
			<key>isa</key>
			<string>PBXFileReference</string>
			<key>lastKnownFileType</key>
			<string>image.png</string>
			<key>path</key>
			<string>beard.png</string>
			<key>sourceTree</key>
			<string>&lt;group&gt;</string>
		</dict>
		<key>0320C0521868C6C2009591CA</key>
		<dict>
			<key>fileRef</key>
			<string>0320C0511868C6C2009591CA</string>
			<key>isa</key>
			<string>PBXBuildFile</string>
		</dict>
		<key>0320C0531868C7A4009591CA</key>
		<dict>
			<key>isa</key>
			<string>PBXFileReference</string>
			<key>lastKnownFileType</key>
			<string>image.png</string>
			<key>path</key>
			<string>beard-highlighted.png</string>
			<key>sourceTree</key>
			<string>&lt;group&gt;</string>
		</dict>
		<key>0320C0541868C7A4009591CA</key>
		<dict>
			<key>fileRef</key>
			<string>0320C0531868C7A4009591CA</string>
			<key>isa</key>
			<string>PBXBuildFile</string>
		</dict>
		<key>0362FF2218552FB300ADA4B4</key>
		<dict>
			<key>fileEncoding</key>
			<string>4</string>
			<key>isa</key>
			<string>PBXFileReference</string>
			<key>lastKnownFileType</key>
			<string>sourcecode.c.h</string>
			<key>path</key>
			<string>SPMediaKeyTap.h</string>
			<key>sourceTree</key>
			<string>&lt;group&gt;</string>
		</dict>
		<key>0362FF2318552FB300ADA4B4</key>
		<dict>
			<key>fileEncoding</key>
			<string>4</string>
			<key>isa</key>
			<string>PBXFileReference</string>
			<key>lastKnownFileType</key>
			<string>sourcecode.c.objc</string>
			<key>path</key>
			<string>SPMediaKeyTap.m</string>
			<key>sourceTree</key>
			<string>&lt;group&gt;</string>
		</dict>
		<key>0362FF2418552FB300ADA4B4</key>
		<dict>
			<key>fileEncoding</key>
			<string>4</string>
			<key>isa</key>
			<string>PBXFileReference</string>
			<key>lastKnownFileType</key>
			<string>sourcecode.c.h</string>
			<key>path</key>
			<string>NSObject+SPInvocationGrabbing.h</string>
			<key>sourceTree</key>
			<string>&lt;group&gt;</string>
		</dict>
		<key>0362FF2518552FB300ADA4B4</key>
		<dict>
			<key>fileEncoding</key>
			<string>4</string>
			<key>isa</key>
			<string>PBXFileReference</string>
			<key>lastKnownFileType</key>
			<string>sourcecode.c.objc</string>
			<key>path</key>
			<string>NSObject+SPInvocationGrabbing.m</string>
			<key>sourceTree</key>
			<string>&lt;group&gt;</string>
		</dict>
		<key>0362FF2618552FB300ADA4B4</key>
		<dict>
			<key>fileRef</key>
			<string>0362FF2318552FB300ADA4B4</string>
			<key>isa</key>
			<string>PBXBuildFile</string>
		</dict>
		<key>0362FF2718552FB300ADA4B4</key>
		<dict>
			<key>fileRef</key>
			<string>0362FF2518552FB300ADA4B4</string>
			<key>isa</key>
			<string>PBXBuildFile</string>
		</dict>
		<key>0369231B1862934000E04DDB</key>
		<dict>
			<key>children</key>
			<array>
				<string>0369231C1862936600E04DDB</string>
				<string>0369231D1862936600E04DDB</string>
				<string>0369231E1862936600E04DDB</string>
			</array>
			<key>isa</key>
			<string>PBXGroup</string>
			<key>name</key>
			<string>Preferences</string>
			<key>sourceTree</key>
			<string>&lt;group&gt;</string>
		</dict>
		<key>0369231C1862936600E04DDB</key>
		<dict>
			<key>fileEncoding</key>
			<string>4</string>
			<key>isa</key>
			<string>PBXFileReference</string>
			<key>lastKnownFileType</key>
			<string>sourcecode.c.h</string>
			<key>path</key>
			<string>GeneralPreferencesViewController.h</string>
			<key>sourceTree</key>
			<string>&lt;group&gt;</string>
		</dict>
		<key>0369231D1862936600E04DDB</key>
		<dict>
			<key>fileEncoding</key>
			<string>4</string>
			<key>isa</key>
			<string>PBXFileReference</string>
			<key>lastKnownFileType</key>
			<string>sourcecode.c.objc</string>
			<key>path</key>
			<string>GeneralPreferencesViewController.m</string>
			<key>sourceTree</key>
			<string>&lt;group&gt;</string>
		</dict>
		<key>0369231E1862936600E04DDB</key>
		<dict>
			<key>fileEncoding</key>
			<string>4</string>
			<key>isa</key>
			<string>PBXFileReference</string>
			<key>lastKnownFileType</key>
			<string>file.xib</string>
			<key>path</key>
			<string>GeneralPreferencesView.xib</string>
			<key>sourceTree</key>
			<string>&lt;group&gt;</string>
		</dict>
		<key>0369231F1862936600E04DDB</key>
		<dict>
			<key>fileRef</key>
			<string>0369231D1862936600E04DDB</string>
			<key>isa</key>
			<string>PBXBuildFile</string>
		</dict>
		<key>036923201862936600E04DDB</key>
		<dict>
			<key>fileRef</key>
			<string>0369231E1862936600E04DDB</string>
			<key>isa</key>
			<string>PBXBuildFile</string>
		</dict>
		<key>0370588C1863F47300C691B3</key>
		<dict>
			<key>fileEncoding</key>
			<string>4</string>
			<key>isa</key>
			<string>PBXFileReference</string>
			<key>lastKnownFileType</key>
			<string>sourcecode.c.h</string>
			<key>path</key>
			<string>SpotifyStrategy.h</string>
			<key>sourceTree</key>
			<string>&lt;group&gt;</string>
		</dict>
		<key>0370588D1863F47300C691B3</key>
		<dict>
			<key>fileEncoding</key>
			<string>4</string>
			<key>isa</key>
			<string>PBXFileReference</string>
			<key>lastKnownFileType</key>
			<string>sourcecode.c.objc</string>
			<key>path</key>
			<string>SpotifyStrategy.m</string>
			<key>sourceTree</key>
			<string>&lt;group&gt;</string>
		</dict>
		<key>0370588E1863F47300C691B3</key>
		<dict>
			<key>fileRef</key>
			<string>0370588D1863F47300C691B3</string>
			<key>isa</key>
			<string>PBXBuildFile</string>
		</dict>
		<key>039D83401892173600DB426D</key>
		<dict>
			<key>fileEncoding</key>
			<string>4</string>
			<key>isa</key>
			<string>PBXFileReference</string>
			<key>lastKnownFileType</key>
			<string>sourcecode.c.h</string>
			<key>path</key>
			<string>SlackerStrategy.h</string>
			<key>sourceTree</key>
			<string>&lt;group&gt;</string>
		</dict>
		<key>039D83411892173600DB426D</key>
		<dict>
			<key>fileEncoding</key>
			<string>4</string>
			<key>isa</key>
			<string>PBXFileReference</string>
			<key>lastKnownFileType</key>
			<string>sourcecode.c.objc</string>
			<key>path</key>
			<string>SlackerStrategy.m</string>
			<key>sourceTree</key>
			<string>&lt;group&gt;</string>
		</dict>
		<key>039D83421892173600DB426D</key>
		<dict>
			<key>fileRef</key>
			<string>039D83411892173600DB426D</string>
			<key>isa</key>
			<string>PBXBuildFile</string>
		</dict>
		<key>03A34919185E9FC700C4A62B</key>
		<dict>
			<key>children</key>
			<array>
				<string>48BDDFDB19801E57009C897F</string>
				<string>48BDDFDA19801E50009C897F</string>
				<string>81DA43D41950BF55000E98AC</string>
				<string>81DA43D51950BF55000E98AC</string>
				<string>523F839D189747DF007F2FFD</string>
				<string>523F839E189747DF007F2FFD</string>
				<string>CA5CCF401887FC0700F7C1C3</string>
				<string>CA5CCF411887FC0700F7C1C3</string>
				<string>45F35ED41888357000AEB3E1</string>
				<string>45F35ED51888357000AEB3E1</string>
				<string>03A3491A185EA03300C4A62B</string>
				<string>03A3491B185EA03300C4A62B</string>
				<string>699AAD3D1992C0A70021BFF2</string>
				<string>699AAD3E1992C0BD0021BFF2</string>
				<string>03A34920185EA43900C4A62B</string>
				<string>03A34921185EA43900C4A62B</string>
				<string>03A34923185EB20E00C4A62B</string>
				<string>03A34924185EB20E00C4A62B</string>
				<string>039D83401892173600DB426D</string>
				<string>039D83411892173600DB426D</string>
				<string>03A34927185EE58600C4A62B</string>
				<string>03A34928185EE58600C4A62B</string>
				<string>03A3492A185EE73700C4A62B</string>
				<string>83AAFD7618E0A79500640767</string>
				<string>83AAFD7718E0A79500640767</string>
				<string>03A3492B185EE73700C4A62B</string>
				<string>03A3492D185EE82700C4A62B</string>
				<string>03A3492E185EE82700C4A62B</string>
				<string>03A34930185EE8EE00C4A62B</string>
				<string>03A34931185EE8EE00C4A62B</string>
				<string>03A34933185EE97B00C4A62B</string>
				<string>03A34934185EE97B00C4A62B</string>
				<string>969E45701863E5830037226B</string>
				<string>969E45711863E5830037226B</string>
				<string>0370588C1863F47300C691B3</string>
				<string>0370588D1863F47300C691B3</string>
				<string>031D8144187F929D00A93E00</string>
				<string>031D8145187F929D00A93E00</string>
				<string>031D8147187F982A00A93E00</string>
				<string>031D8148187F982A00A93E00</string>
				<string>9AF442D31886F71400CD7266</string>
				<string>9AF442D41886F71400CD7266</string>
				<string>9A699C48188B051000BB647E</string>
				<string>9A699C49188B051000BB647E</string>
				<string>963E89B618BB010600FE0DBB</string>
				<string>963E89B718BB010600FE0DBB</string>
				<string>963E89B918BB05F400FE0DBB</string>
				<string>963E89BA18BB05F400FE0DBB</string>
				<string>B500FC3618D33F2E00FEFD74</string>
				<string>B500FC3718D33F2E00FEFD74</string>
				<string>8C6FC6D1192A09290050F426</string>
				<string>8C6FC6D3192A09430050F426</string>
				<string>D2D98CD7197F34BD00941CBD</string>
				<string>D2D98CD8197F34BD00941CBD</string>
				<string>8E38FAD41994CE57005C2465</string>
				<string>8E38FAD51994CE57005C2465</string>
			</array>
			<key>isa</key>
			<string>PBXGroup</string>
			<key>name</key>
			<string>MediaStrategies</string>
			<key>sourceTree</key>
			<string>&lt;group&gt;</string>
		</dict>
		<key>03A3491A185EA03300C4A62B</key>
		<dict>
			<key>fileEncoding</key>
			<string>4</string>
			<key>isa</key>
			<string>PBXFileReference</string>
			<key>lastKnownFileType</key>
			<string>sourcecode.c.h</string>
			<key>path</key>
			<string>MediaStrategy.h</string>
			<key>sourceTree</key>
			<string>&lt;group&gt;</string>
		</dict>
		<key>03A3491B185EA03300C4A62B</key>
		<dict>
			<key>fileEncoding</key>
			<string>4</string>
			<key>isa</key>
			<string>PBXFileReference</string>
			<key>lastKnownFileType</key>
			<string>sourcecode.c.objc</string>
			<key>path</key>
			<string>MediaStrategy.m</string>
			<key>sourceTree</key>
			<string>&lt;group&gt;</string>
		</dict>
		<key>03A3491C185EA03300C4A62B</key>
		<dict>
			<key>fileRef</key>
			<string>03A3491B185EA03300C4A62B</string>
			<key>isa</key>
			<string>PBXBuildFile</string>
		</dict>
		<key>03A34920185EA43900C4A62B</key>
		<dict>
			<key>fileEncoding</key>
			<string>4</string>
			<key>isa</key>
			<string>PBXFileReference</string>
			<key>lastKnownFileType</key>
			<string>sourcecode.c.h</string>
			<key>path</key>
			<string>MediaStrategyRegistry.h</string>
			<key>sourceTree</key>
			<string>&lt;group&gt;</string>
		</dict>
		<key>03A34921185EA43900C4A62B</key>
		<dict>
			<key>fileEncoding</key>
			<string>4</string>
			<key>isa</key>
			<string>PBXFileReference</string>
			<key>lastKnownFileType</key>
			<string>sourcecode.c.objc</string>
			<key>path</key>
			<string>MediaStrategyRegistry.m</string>
			<key>sourceTree</key>
			<string>&lt;group&gt;</string>
		</dict>
		<key>03A34922185EA43900C4A62B</key>
		<dict>
			<key>fileRef</key>
			<string>03A34921185EA43900C4A62B</string>
			<key>isa</key>
			<string>PBXBuildFile</string>
		</dict>
		<key>03A34923185EB20E00C4A62B</key>
		<dict>
			<key>fileEncoding</key>
			<string>4</string>
			<key>isa</key>
			<string>PBXFileReference</string>
			<key>lastKnownFileType</key>
			<string>sourcecode.c.h</string>
			<key>path</key>
			<string>YouTubeStrategy.h</string>
			<key>sourceTree</key>
			<string>&lt;group&gt;</string>
		</dict>
		<key>03A34924185EB20E00C4A62B</key>
		<dict>
			<key>fileEncoding</key>
			<string>4</string>
			<key>isa</key>
			<string>PBXFileReference</string>
			<key>lastKnownFileType</key>
			<string>sourcecode.c.objc</string>
			<key>path</key>
			<string>YouTubeStrategy.m</string>
			<key>sourceTree</key>
			<string>&lt;group&gt;</string>
		</dict>
		<key>03A34925185EB20E00C4A62B</key>
		<dict>
			<key>fileRef</key>
			<string>03A34924185EB20E00C4A62B</string>
			<key>isa</key>
			<string>PBXBuildFile</string>
		</dict>
		<key>03A34927185EE58600C4A62B</key>
		<dict>
			<key>fileEncoding</key>
			<string>4</string>
			<key>isa</key>
			<string>PBXFileReference</string>
			<key>lastKnownFileType</key>
			<string>sourcecode.c.h</string>
			<key>path</key>
			<string>PandoraStrategy.h</string>
			<key>sourceTree</key>
			<string>&lt;group&gt;</string>
		</dict>
		<key>03A34928185EE58600C4A62B</key>
		<dict>
			<key>fileEncoding</key>
			<string>4</string>
			<key>isa</key>
			<string>PBXFileReference</string>
			<key>lastKnownFileType</key>
			<string>sourcecode.c.objc</string>
			<key>path</key>
			<string>PandoraStrategy.m</string>
			<key>sourceTree</key>
			<string>&lt;group&gt;</string>
		</dict>
		<key>03A34929185EE58600C4A62B</key>
		<dict>
			<key>fileRef</key>
			<string>03A34928185EE58600C4A62B</string>
			<key>isa</key>
			<string>PBXBuildFile</string>
		</dict>
		<key>03A3492A185EE73700C4A62B</key>
		<dict>
			<key>fileEncoding</key>
			<string>4</string>
			<key>isa</key>
			<string>PBXFileReference</string>
			<key>lastKnownFileType</key>
			<string>sourcecode.c.h</string>
			<key>path</key>
			<string>BandCampStrategy.h</string>
			<key>sourceTree</key>
			<string>&lt;group&gt;</string>
		</dict>
		<key>03A3492B185EE73700C4A62B</key>
		<dict>
			<key>fileEncoding</key>
			<string>4</string>
			<key>isa</key>
			<string>PBXFileReference</string>
			<key>lastKnownFileType</key>
			<string>sourcecode.c.objc</string>
			<key>path</key>
			<string>BandCampStrategy.m</string>
			<key>sourceTree</key>
			<string>&lt;group&gt;</string>
		</dict>
		<key>03A3492C185EE73700C4A62B</key>
		<dict>
			<key>fileRef</key>
			<string>03A3492B185EE73700C4A62B</string>
			<key>isa</key>
			<string>PBXBuildFile</string>
		</dict>
		<key>03A3492D185EE82700C4A62B</key>
		<dict>
			<key>fileEncoding</key>
			<string>4</string>
			<key>isa</key>
			<string>PBXFileReference</string>
			<key>lastKnownFileType</key>
			<string>sourcecode.c.h</string>
			<key>path</key>
			<string>GrooveSharkStrategy.h</string>
			<key>sourceTree</key>
			<string>&lt;group&gt;</string>
		</dict>
		<key>03A3492E185EE82700C4A62B</key>
		<dict>
			<key>fileEncoding</key>
			<string>4</string>
			<key>isa</key>
			<string>PBXFileReference</string>
			<key>lastKnownFileType</key>
			<string>sourcecode.c.objc</string>
			<key>path</key>
			<string>GrooveSharkStrategy.m</string>
			<key>sourceTree</key>
			<string>&lt;group&gt;</string>
		</dict>
		<key>03A3492F185EE82700C4A62B</key>
		<dict>
			<key>fileRef</key>
			<string>03A3492E185EE82700C4A62B</string>
			<key>isa</key>
			<string>PBXBuildFile</string>
		</dict>
		<key>03A34930185EE8EE00C4A62B</key>
		<dict>
			<key>fileEncoding</key>
			<string>4</string>
			<key>isa</key>
			<string>PBXFileReference</string>
			<key>lastKnownFileType</key>
			<string>sourcecode.c.h</string>
			<key>path</key>
			<string>SoundCloudStrategy.h</string>
			<key>sourceTree</key>
			<string>&lt;group&gt;</string>
		</dict>
		<key>03A34931185EE8EE00C4A62B</key>
		<dict>
			<key>fileEncoding</key>
			<string>4</string>
			<key>isa</key>
			<string>PBXFileReference</string>
			<key>lastKnownFileType</key>
			<string>sourcecode.c.objc</string>
			<key>path</key>
			<string>SoundCloudStrategy.m</string>
			<key>sourceTree</key>
			<string>&lt;group&gt;</string>
		</dict>
		<key>03A34932185EE8EE00C4A62B</key>
		<dict>
			<key>fileRef</key>
			<string>03A34931185EE8EE00C4A62B</string>
			<key>isa</key>
			<string>PBXBuildFile</string>
		</dict>
		<key>03A34933185EE97B00C4A62B</key>
		<dict>
			<key>fileEncoding</key>
			<string>4</string>
			<key>isa</key>
			<string>PBXFileReference</string>
			<key>lastKnownFileType</key>
			<string>sourcecode.c.h</string>
			<key>path</key>
			<string>HypeMachineStrategy.h</string>
			<key>sourceTree</key>
			<string>&lt;group&gt;</string>
		</dict>
		<key>03A34934185EE97B00C4A62B</key>
		<dict>
			<key>fileEncoding</key>
			<string>4</string>
			<key>isa</key>
			<string>PBXFileReference</string>
			<key>lastKnownFileType</key>
			<string>sourcecode.c.objc</string>
			<key>path</key>
			<string>HypeMachineStrategy.m</string>
			<key>sourceTree</key>
			<string>&lt;group&gt;</string>
		</dict>
		<key>03A34935185EE97B00C4A62B</key>
		<dict>
			<key>fileRef</key>
			<string>03A34934185EE97B00C4A62B</string>
			<key>isa</key>
			<string>PBXBuildFile</string>
		</dict>
		<key>03F33ECB1855306A00E8F77E</key>
		<dict>
			<key>isa</key>
			<string>PBXFileReference</string>
			<key>lastKnownFileType</key>
			<string>wrapper.framework</string>
			<key>name</key>
			<string>Carbon.framework</string>
			<key>path</key>
			<string>System/Library/Frameworks/Carbon.framework</string>
			<key>sourceTree</key>
			<string>SDKROOT</string>
		</dict>
		<key>03F33ECC1855306A00E8F77E</key>
		<dict>
			<key>fileRef</key>
			<string>03F33ECB1855306A00E8F77E</string>
			<key>isa</key>
			<string>PBXBuildFile</string>
		</dict>
		<key>03F33EE31857E21100E8F77E</key>
		<dict>
			<key>children</key>
			<array>
				<string>9679336318551A8F00A49AC7</string>
				<string>03F33EE71857E2EE00E8F77E</string>
				<string>03F33EE41857E22700E8F77E</string>
				<string>03F33EEB1857E3C000E8F77E</string>
				<string>03F33EEC1857E3C000E8F77E</string>
				<string>03F33EEE1857E59B00E8F77E</string>
				<string>03F33EEF1857E59B00E8F77E</string>
			</array>
			<key>isa</key>
			<string>PBXGroup</string>
			<key>name</key>
			<string>Tabs</string>
			<key>sourceTree</key>
			<string>&lt;group&gt;</string>
		</dict>
		<key>03F33EE41857E22700E8F77E</key>
		<dict>
			<key>fileEncoding</key>
			<string>4</string>
			<key>isa</key>
			<string>PBXFileReference</string>
			<key>lastKnownFileType</key>
			<string>sourcecode.c.h</string>
			<key>lineEnding</key>
			<string>0</string>
			<key>path</key>
			<string>Tab.h</string>
			<key>sourceTree</key>
			<string>&lt;group&gt;</string>
			<key>xcLanguageSpecificationIdentifier</key>
			<string>xcode.lang.objcpp</string>
		</dict>
		<key>03F33EE71857E2EE00E8F77E</key>
		<dict>
			<key>fileEncoding</key>
			<string>4</string>
			<key>isa</key>
			<string>PBXFileReference</string>
			<key>lastKnownFileType</key>
			<string>sourcecode.c.h</string>
			<key>path</key>
			<string>Safari.h</string>
			<key>sourceTree</key>
			<string>&lt;group&gt;</string>
		</dict>
		<key>03F33EEB1857E3C000E8F77E</key>
		<dict>
			<key>fileEncoding</key>
			<string>4</string>
			<key>isa</key>
			<string>PBXFileReference</string>
			<key>lastKnownFileType</key>
			<string>sourcecode.c.h</string>
			<key>lineEnding</key>
			<string>0</string>
			<key>path</key>
			<string>ChromeTabAdapter.h</string>
			<key>sourceTree</key>
			<string>&lt;group&gt;</string>
			<key>xcLanguageSpecificationIdentifier</key>
			<string>xcode.lang.objcpp</string>
		</dict>
		<key>03F33EEC1857E3C000E8F77E</key>
		<dict>
			<key>fileEncoding</key>
			<string>4</string>
			<key>isa</key>
			<string>PBXFileReference</string>
			<key>lastKnownFileType</key>
			<string>sourcecode.c.objc</string>
			<key>lineEnding</key>
			<string>0</string>
			<key>path</key>
			<string>ChromeTabAdapter.m</string>
			<key>sourceTree</key>
			<string>&lt;group&gt;</string>
			<key>xcLanguageSpecificationIdentifier</key>
			<string>xcode.lang.objc</string>
		</dict>
		<key>03F33EED1857E3C000E8F77E</key>
		<dict>
			<key>fileRef</key>
			<string>03F33EEC1857E3C000E8F77E</string>
			<key>isa</key>
			<string>PBXBuildFile</string>
		</dict>
		<key>03F33EEE1857E59B00E8F77E</key>
		<dict>
			<key>fileEncoding</key>
			<string>4</string>
			<key>isa</key>
			<string>PBXFileReference</string>
			<key>lastKnownFileType</key>
			<string>sourcecode.c.h</string>
			<key>lineEnding</key>
			<string>0</string>
			<key>path</key>
			<string>SafariTabAdapter.h</string>
			<key>sourceTree</key>
			<string>&lt;group&gt;</string>
			<key>xcLanguageSpecificationIdentifier</key>
			<string>xcode.lang.objcpp</string>
		</dict>
		<key>03F33EEF1857E59B00E8F77E</key>
		<dict>
			<key>fileEncoding</key>
			<string>4</string>
			<key>isa</key>
			<string>PBXFileReference</string>
			<key>lastKnownFileType</key>
			<string>sourcecode.c.objc</string>
			<key>lineEnding</key>
			<string>0</string>
			<key>path</key>
			<string>SafariTabAdapter.m</string>
			<key>sourceTree</key>
			<string>&lt;group&gt;</string>
			<key>xcLanguageSpecificationIdentifier</key>
			<string>xcode.lang.objc</string>
		</dict>
		<key>03F33EF01857E59B00E8F77E</key>
		<dict>
			<key>fileRef</key>
			<string>03F33EEF1857E59B00E8F77E</string>
			<key>isa</key>
			<string>PBXBuildFile</string>
		</dict>
		<key>17C5B63918DB33C0006F38C1</key>
		<dict>
			<key>isa</key>
			<string>PBXFileReference</string>
			<key>lastKnownFileType</key>
			<string>image.png</string>
			<key>path</key>
			<string>beard@2x.png</string>
			<key>sourceTree</key>
			<string>&lt;group&gt;</string>
		</dict>
		<key>17C5B63A18DB33C0006F38C1</key>
		<dict>
			<key>fileRef</key>
			<string>17C5B63918DB33C0006F38C1</string>
			<key>isa</key>
			<string>PBXBuildFile</string>
		</dict>
		<key>17C5B63B18DB3649006F38C1</key>
		<dict>
			<key>isa</key>
			<string>PBXFileReference</string>
			<key>lastKnownFileType</key>
			<string>image.png</string>
			<key>path</key>
			<string>beard-highlighted@2x.png</string>
			<key>sourceTree</key>
			<string>&lt;group&gt;</string>
		</dict>
		<key>17C5B63C18DB3649006F38C1</key>
		<dict>
			<key>fileRef</key>
			<string>17C5B63B18DB3649006F38C1</string>
			<key>isa</key>
			<string>PBXBuildFile</string>
		</dict>
		<key>1B37E2ED2CE348E4A35365B6</key>
		<dict>
			<key>buildActionMask</key>
			<string>2147483647</string>
			<key>files</key>
			<array/>
			<key>inputPaths</key>
			<array/>
			<key>isa</key>
			<string>PBXShellScriptBuildPhase</string>
			<key>name</key>
			<string>Check Pods Manifest.lock</string>
			<key>outputPaths</key>
			<array/>
			<key>runOnlyForDeploymentPostprocessing</key>
			<string>0</string>
			<key>shellPath</key>
			<string>/bin/sh</string>
			<key>shellScript</key>
			<string>diff "${PODS_ROOT}/../Podfile.lock" "${PODS_ROOT}/Manifest.lock" &gt; /dev/null
if [[ $? != 0 ]] ; then
    cat &lt;&lt; EOM
error: The sandbox is not in sync with the Podfile.lock. Run 'pod install' or update your CocoaPods installation.
EOM
    exit 1
fi
</string>
			<key>showEnvVarsInLog</key>
			<string>0</string>
		</dict>
		<key>2299BC537DEC481A9540F7CA</key>
		<dict>
			<key>explicitFileType</key>
			<string>archive.ar</string>
			<key>includeInIndex</key>
			<string>0</string>
			<key>isa</key>
			<string>PBXFileReference</string>
			<key>path</key>
			<string>libPods.a</string>
			<key>sourceTree</key>
			<string>BUILT_PRODUCTS_DIR</string>
		</dict>
		<key>23AAA028533E406E8D5AFF02</key>
		<dict>
			<key>fileRef</key>
			<string>2299BC537DEC481A9540F7CA</string>
			<key>isa</key>
			<string>PBXBuildFile</string>
		</dict>
		<key>24BEB9DDA3D4C4CC2EA76507</key>
		<dict>
			<key>includeInIndex</key>
			<string>1</string>
			<key>isa</key>
			<string>PBXFileReference</string>
			<key>lastKnownFileType</key>
			<string>text.xcconfig</string>
			<key>name</key>
			<string>Pods.release.xcconfig</string>
			<key>path</key>
			<string>Pods/Target Support Files/Pods/Pods.release.xcconfig</string>
			<key>sourceTree</key>
			<string>&lt;group&gt;</string>
		</dict>
		<key>3DF78F42D6450533854962BA</key>
		<dict>
			<key>includeInIndex</key>
			<string>1</string>
			<key>isa</key>
			<string>PBXFileReference</string>
			<key>lastKnownFileType</key>
			<string>text.xcconfig</string>
			<key>name</key>
			<string>Pods.debug.xcconfig</string>
			<key>path</key>
			<string>Pods/Target Support Files/Pods/Pods.debug.xcconfig</string>
			<key>sourceTree</key>
			<string>&lt;group&gt;</string>
		</dict>
		<key>45F35ED41888357000AEB3E1</key>
		<dict>
			<key>fileEncoding</key>
			<string>4</string>
			<key>isa</key>
			<string>PBXFileReference</string>
			<key>lastKnownFileType</key>
			<string>sourcecode.c.objc</string>
			<key>path</key>
			<string>ShufflerFmStrategy.m</string>
			<key>sourceTree</key>
			<string>&lt;group&gt;</string>
		</dict>
		<key>45F35ED51888357000AEB3E1</key>
		<dict>
			<key>fileEncoding</key>
			<string>4</string>
			<key>isa</key>
			<string>PBXFileReference</string>
			<key>lastKnownFileType</key>
			<string>sourcecode.c.h</string>
			<key>path</key>
			<string>ShufflerFmStrategy.h</string>
			<key>sourceTree</key>
			<string>&lt;group&gt;</string>
		</dict>
		<key>45F35ED61888357000AEB3E1</key>
		<dict>
			<key>fileRef</key>
			<string>45F35ED41888357000AEB3E1</string>
			<key>isa</key>
			<string>PBXBuildFile</string>
		</dict>
		<key>48BDDFDA19801E50009C897F</key>
		<dict>
			<key>fileEncoding</key>
			<string>4</string>
			<key>isa</key>
			<string>PBXFileReference</string>
			<key>lastKnownFileType</key>
			<string>sourcecode.c.h</string>
			<key>path</key>
			<string>AmazonMusicStrategy.h</string>
			<key>sourceTree</key>
			<string>&lt;group&gt;</string>
		</dict>
		<key>48BDDFDB19801E57009C897F</key>
		<dict>
			<key>fileEncoding</key>
			<string>4</string>
			<key>isa</key>
			<string>PBXFileReference</string>
			<key>lastKnownFileType</key>
			<string>sourcecode.c.objc</string>
			<key>path</key>
			<string>AmazonMusicStrategy.m</string>
			<key>sourceTree</key>
			<string>&lt;group&gt;</string>
		</dict>
		<key>48BDDFDC19801E57009C897F</key>
		<dict>
			<key>fileRef</key>
			<string>48BDDFDB19801E57009C897F</string>
			<key>isa</key>
			<string>PBXBuildFile</string>
		</dict>
		<key>523F839D189747DF007F2FFD</key>
		<dict>
			<key>fileEncoding</key>
			<string>4</string>
			<key>isa</key>
			<string>PBXFileReference</string>
			<key>lastKnownFileType</key>
			<string>sourcecode.c.h</string>
			<key>path</key>
			<string>BeatsMusicStrategy.h</string>
			<key>sourceTree</key>
			<string>&lt;group&gt;</string>
		</dict>
		<key>523F839E189747DF007F2FFD</key>
		<dict>
			<key>fileEncoding</key>
			<string>4</string>
			<key>isa</key>
			<string>PBXFileReference</string>
			<key>lastKnownFileType</key>
			<string>sourcecode.c.objc</string>
			<key>path</key>
			<string>BeatsMusicStrategy.m</string>
			<key>sourceTree</key>
			<string>&lt;group&gt;</string>
		</dict>
		<key>523F839F189747DF007F2FFD</key>
		<dict>
			<key>fileRef</key>
			<string>523F839E189747DF007F2FFD</string>
			<key>isa</key>
			<string>PBXBuildFile</string>
		</dict>
		<key>699AAD3D1992C0A70021BFF2</key>
		<dict>
			<key>fileEncoding</key>
			<string>4</string>
			<key>isa</key>
			<string>PBXFileReference</string>
			<key>lastKnownFileType</key>
			<string>sourcecode.c.h</string>
			<key>path</key>
			<string>OvercastStrategy.h</string>
			<key>sourceTree</key>
			<string>&lt;group&gt;</string>
		</dict>
		<key>699AAD3E1992C0BD0021BFF2</key>
		<dict>
			<key>fileEncoding</key>
			<string>4</string>
			<key>isa</key>
			<string>PBXFileReference</string>
			<key>lastKnownFileType</key>
			<string>sourcecode.c.objc</string>
			<key>path</key>
			<string>OvercastStrategy.m</string>
			<key>sourceTree</key>
			<string>&lt;group&gt;</string>
		</dict>
		<key>699AAD3F1992C0BE0021BFF2</key>
		<dict>
			<key>fileRef</key>
			<string>699AAD3E1992C0BD0021BFF2</string>
			<key>isa</key>
			<string>PBXBuildFile</string>
		</dict>
		<key>81DA43D41950BF55000E98AC</key>
		<dict>
			<key>fileEncoding</key>
			<string>4</string>
			<key>isa</key>
			<string>PBXFileReference</string>
			<key>lastKnownFileType</key>
			<string>sourcecode.c.objc</string>
			<key>path</key>
			<string>VkStrategy.m</string>
			<key>sourceTree</key>
			<string>&lt;group&gt;</string>
		</dict>
		<key>81DA43D51950BF55000E98AC</key>
		<dict>
			<key>fileEncoding</key>
			<string>4</string>
			<key>isa</key>
			<string>PBXFileReference</string>
			<key>lastKnownFileType</key>
			<string>sourcecode.c.h</string>
			<key>path</key>
			<string>VkStrategy.h</string>
			<key>sourceTree</key>
			<string>&lt;group&gt;</string>
		</dict>
		<key>81DA43D61950BF55000E98AC</key>
		<dict>
			<key>fileRef</key>
			<string>81DA43D41950BF55000E98AC</string>
			<key>isa</key>
			<string>PBXBuildFile</string>
		</dict>
		<key>83AAFD7618E0A79500640767</key>
		<dict>
			<key>fileEncoding</key>
			<string>4</string>
			<key>isa</key>
			<string>PBXFileReference</string>
			<key>lastKnownFileType</key>
			<string>sourcecode.c.h</string>
			<key>path</key>
			<string>StitcherStrategy.h</string>
			<key>sourceTree</key>
			<string>&lt;group&gt;</string>
		</dict>
		<key>83AAFD7718E0A79500640767</key>
		<dict>
			<key>fileEncoding</key>
			<string>4</string>
			<key>isa</key>
			<string>PBXFileReference</string>
			<key>lastKnownFileType</key>
			<string>sourcecode.c.objc</string>
			<key>path</key>
			<string>StitcherStrategy.m</string>
			<key>sourceTree</key>
			<string>&lt;group&gt;</string>
		</dict>
		<key>83AAFD7818E0A79500640767</key>
		<dict>
			<key>fileRef</key>
			<string>83AAFD7718E0A79500640767</string>
			<key>isa</key>
			<string>PBXBuildFile</string>
		</dict>
		<key>8C6FC6D1192A09290050F426</key>
		<dict>
			<key>fileEncoding</key>
			<string>4</string>
			<key>isa</key>
			<string>PBXFileReference</string>
			<key>lastKnownFileType</key>
			<string>sourcecode.c.objc</string>
			<key>path</key>
			<string>XboxMusicStrategy.m</string>
			<key>sourceTree</key>
			<string>&lt;group&gt;</string>
		</dict>
		<key>8C6FC6D2192A09290050F426</key>
		<dict>
			<key>fileRef</key>
			<string>8C6FC6D1192A09290050F426</string>
			<key>isa</key>
			<string>PBXBuildFile</string>
		</dict>
		<key>8C6FC6D3192A09430050F426</key>
		<dict>
			<key>isa</key>
			<string>PBXFileReference</string>
			<key>lastKnownFileType</key>
			<string>sourcecode.c.h</string>
			<key>path</key>
			<string>XboxMusicStrategy.h</string>
			<key>sourceTree</key>
			<string>&lt;group&gt;</string>
		</dict>
		<key>8E38FAD41994CE57005C2465</key>
		<dict>
			<key>fileEncoding</key>
			<string>4</string>
			<key>isa</key>
			<string>PBXFileReference</string>
			<key>lastKnownFileType</key>
			<string>sourcecode.c.h</string>
			<key>path</key>
			<string>VimeoStrategy.h</string>
			<key>sourceTree</key>
			<string>&lt;group&gt;</string>
		</dict>
		<key>8E38FAD51994CE57005C2465</key>
		<dict>
			<key>fileEncoding</key>
			<string>4</string>
			<key>isa</key>
			<string>PBXFileReference</string>
			<key>lastKnownFileType</key>
			<string>sourcecode.c.objc</string>
			<key>path</key>
			<string>VimeoStrategy.m</string>
			<key>sourceTree</key>
			<string>&lt;group&gt;</string>
		</dict>
		<key>8E38FAD61994CE57005C2465</key>
		<dict>
			<key>fileRef</key>
			<string>8E38FAD51994CE57005C2465</string>
			<key>isa</key>
			<string>PBXBuildFile</string>
		</dict>
		<key>963E89B618BB010600FE0DBB</key>
		<dict>
			<key>fileEncoding</key>
			<string>4</string>
			<key>isa</key>
			<string>PBXFileReference</string>
			<key>lastKnownFileType</key>
			<string>sourcecode.c.h</string>
			<key>path</key>
			<string>MixCloudStrategy.h</string>
			<key>sourceTree</key>
			<string>&lt;group&gt;</string>
		</dict>
		<key>963E89B718BB010600FE0DBB</key>
		<dict>
			<key>fileEncoding</key>
			<string>4</string>
			<key>isa</key>
			<string>PBXFileReference</string>
			<key>lastKnownFileType</key>
			<string>sourcecode.c.objc</string>
			<key>path</key>
			<string>MixCloudStrategy.m</string>
			<key>sourceTree</key>
			<string>&lt;group&gt;</string>
		</dict>
		<key>963E89B818BB010600FE0DBB</key>
		<dict>
			<key>fileRef</key>
			<string>963E89B718BB010600FE0DBB</string>
			<key>isa</key>
			<string>PBXBuildFile</string>
		</dict>
		<key>963E89B918BB05F400FE0DBB</key>
		<dict>
			<key>fileEncoding</key>
			<string>4</string>
			<key>isa</key>
			<string>PBXFileReference</string>
			<key>lastKnownFileType</key>
			<string>sourcecode.c.h</string>
			<key>path</key>
			<string>MusicUnlimitedStrategy.h</string>
			<key>sourceTree</key>
			<string>&lt;group&gt;</string>
		</dict>
		<key>963E89BA18BB05F400FE0DBB</key>
		<dict>
			<key>fileEncoding</key>
			<string>4</string>
			<key>isa</key>
			<string>PBXFileReference</string>
			<key>lastKnownFileType</key>
			<string>sourcecode.c.objc</string>
			<key>path</key>
			<string>MusicUnlimitedStrategy.m</string>
			<key>sourceTree</key>
			<string>&lt;group&gt;</string>
		</dict>
		<key>963E89BB18BB05F400FE0DBB</key>
		<dict>
			<key>fileRef</key>
			<string>963E89BA18BB05F400FE0DBB</string>
			<key>isa</key>
			<string>PBXBuildFile</string>
		</dict>
		<key>967933231855173100A49AC7</key>
		<dict>
			<key>children</key>
			<array>
				<string>967933351855173100A49AC7</string>
				<string>967933531855173100A49AC7</string>
				<string>9679332E1855173100A49AC7</string>
				<string>9679332D1855173100A49AC7</string>
				<string>9B99132DCD96754B0E95442A</string>
			</array>
			<key>isa</key>
			<string>PBXGroup</string>
			<key>sourceTree</key>
			<string>&lt;group&gt;</string>
		</dict>
		<key>967933241855173100A49AC7</key>
		<dict>
			<key>attributes</key>
			<dict>
				<key>LastUpgradeCheck</key>
				<string>0500</string>
				<key>ORGANIZATIONNAME</key>
				<string>Tyler Rhodes / Jose Falcon</string>
				<key>TargetAttributes</key>
				<dict>
					<key>9679334C1855173100A49AC7</key>
					<dict>
						<key>TestTargetID</key>
						<string>9679332B1855173100A49AC7</string>
					</dict>
				</dict>
			</dict>
			<key>buildConfigurationList</key>
			<string>967933271855173100A49AC7</string>
			<key>compatibilityVersion</key>
			<string>Xcode 3.2</string>
			<key>developmentRegion</key>
			<string>English</string>
			<key>hasScannedForEncodings</key>
			<string>0</string>
			<key>isa</key>
			<string>PBXProject</string>
			<key>knownRegions</key>
			<array>
				<string>en</string>
				<string>Base</string>
			</array>
			<key>mainGroup</key>
			<string>967933231855173100A49AC7</string>
			<key>productRefGroup</key>
			<string>9679332D1855173100A49AC7</string>
			<key>projectDirPath</key>
			<string></string>
			<key>projectReferences</key>
			<array/>
			<key>projectRoot</key>
			<string></string>
			<key>targets</key>
			<array>
				<string>9679332B1855173100A49AC7</string>
				<string>9679334C1855173100A49AC7</string>
			</array>
		</dict>
		<key>967933271855173100A49AC7</key>
		<dict>
			<key>buildConfigurations</key>
			<array>
				<string>9679335B1855173100A49AC7</string>
				<string>9679335C1855173100A49AC7</string>
			</array>
			<key>defaultConfigurationIsVisible</key>
			<string>0</string>
			<key>defaultConfigurationName</key>
			<string>Release</string>
			<key>isa</key>
			<string>XCConfigurationList</string>
		</dict>
		<key>967933281855173100A49AC7</key>
		<dict>
			<key>buildActionMask</key>
			<string>2147483647</string>
			<key>files</key>
			<array>
				<string>0369231F1862936600E04DDB</string>
				<string>0362FF2718552FB300ADA4B4</string>
				<string>967933431855173100A49AC7</string>
				<string>031D8149187F982A00A93E00</string>
				<string>0362FF2618552FB300ADA4B4</string>
				<string>699AAD3F1992C0BE0021BFF2</string>
				<string>B500FC3818D33F2E00FEFD74</string>
				<string>963E89BB18BB05F400FE0DBB</string>
				<string>81DA43D61950BF55000E98AC</string>
				<string>8C6FC6D2192A09290050F426</string>
				<string>039D83421892173600DB426D</string>
				<string>9679333C1855173100A49AC7</string>
				<string>03A34935185EE97B00C4A62B</string>
				<string>031D8146187F929D00A93E00</string>
				<string>0370588E1863F47300C691B3</string>
				<string>83AAFD7818E0A79500640767</string>
				<string>8E38FAD61994CE57005C2465</string>
				<string>03A3492F185EE82700C4A62B</string>
				<string>03A34932185EE8EE00C4A62B</string>
				<string>523F839F189747DF007F2FFD</string>
				<string>03A3491C185EA03300C4A62B</string>
				<string>03F33EF01857E59B00E8F77E</string>
				<string>03A34929185EE58600C4A62B</string>
				<string>CA5CCF421887FC0700F7C1C3</string>
				<string>D2D98CD9197F34BD00941CBD</string>
				<string>963E89B818BB010600FE0DBB</string>
				<string>03A3492C185EE73700C4A62B</string>
				<string>03A34922185EA43900C4A62B</string>
				<string>969E45721863E5830037226B</string>
				<string>03A34925185EB20E00C4A62B</string>
				<string>9A699C4A188B051000BB647E</string>
				<string>48BDDFDC19801E57009C897F</string>
				<string>9AF442D51886F71400CD7266</string>
				<string>03F33EED1857E3C000E8F77E</string>
				<string>45F35ED61888357000AEB3E1</string>
			</array>
			<key>isa</key>
			<string>PBXSourcesBuildPhase</string>
			<key>runOnlyForDeploymentPostprocessing</key>
			<string>0</string>
		</dict>
		<key>967933291855173100A49AC7</key>
		<dict>
			<key>buildActionMask</key>
			<string>2147483647</string>
			<key>files</key>
			<array>
				<string>03F33ECC1855306A00E8F77E</string>
				<string>9679336518551BCC00A49AC7</string>
				<string>967933301855173100A49AC7</string>
				<string>23AAA028533E406E8D5AFF02</string>
			</array>
			<key>isa</key>
			<string>PBXFrameworksBuildPhase</string>
			<key>runOnlyForDeploymentPostprocessing</key>
			<string>0</string>
		</dict>
		<key>9679332A1855173100A49AC7</key>
		<dict>
			<key>buildActionMask</key>
			<string>2147483647</string>
			<key>files</key>
			<array>
				<string>9679333A1855173100A49AC7</string>
				<string>967933481855173100A49AC7</string>
				<string>0320C0521868C6C2009591CA</string>
				<string>0301233A1868B1F90080115F</string>
				<string>036923201862936600E04DDB</string>
				<string>0320C0541868C7A4009591CA</string>
				<string>967933461855173100A49AC7</string>
				<string>17C5B63C18DB3649006F38C1</string>
				<string>17C5B63A18DB33C0006F38C1</string>
			</array>
			<key>isa</key>
			<string>PBXResourcesBuildPhase</string>
			<key>runOnlyForDeploymentPostprocessing</key>
			<string>0</string>
		</dict>
		<key>9679332B1855173100A49AC7</key>
		<dict>
			<key>buildConfigurationList</key>
			<string>9679335D1855173100A49AC7</string>
			<key>buildPhases</key>
			<array>
				<string>1B37E2ED2CE348E4A35365B6</string>
				<string>967933281855173100A49AC7</string>
				<string>967933291855173100A49AC7</string>
				<string>9679332A1855173100A49AC7</string>
				<string>B3F72F996C864D30BAFDCE71</string>
			</array>
			<key>buildRules</key>
			<array/>
			<key>dependencies</key>
			<array/>
			<key>isa</key>
			<string>PBXNativeTarget</string>
			<key>name</key>
			<string>BeardedSpice</string>
			<key>productName</key>
			<string>BeardedSpice</string>
			<key>productReference</key>
			<string>9679332C1855173100A49AC7</string>
			<key>productType</key>
			<string>com.apple.product-type.application</string>
		</dict>
		<key>9679332C1855173100A49AC7</key>
		<dict>
			<key>explicitFileType</key>
			<string>wrapper.application</string>
			<key>includeInIndex</key>
			<string>0</string>
			<key>isa</key>
			<string>PBXFileReference</string>
			<key>path</key>
			<string>BeardedSpice.app</string>
			<key>sourceTree</key>
			<string>BUILT_PRODUCTS_DIR</string>
		</dict>
		<key>9679332D1855173100A49AC7</key>
		<dict>
			<key>children</key>
			<array>
				<string>9679332C1855173100A49AC7</string>
				<string>9679334D1855173100A49AC7</string>
			</array>
			<key>isa</key>
			<string>PBXGroup</string>
			<key>name</key>
			<string>Products</string>
			<key>sourceTree</key>
			<string>&lt;group&gt;</string>
		</dict>
		<key>9679332E1855173100A49AC7</key>
		<dict>
			<key>children</key>
			<array>
				<string>03F33ECB1855306A00E8F77E</string>
				<string>9679336418551BCC00A49AC7</string>
				<string>9679332F1855173100A49AC7</string>
				<string>9679334E1855173100A49AC7</string>
				<string>967933311855173100A49AC7</string>
				<string>2299BC537DEC481A9540F7CA</string>
			</array>
			<key>isa</key>
			<string>PBXGroup</string>
			<key>name</key>
			<string>Frameworks</string>
			<key>sourceTree</key>
			<string>&lt;group&gt;</string>
		</dict>
		<key>9679332F1855173100A49AC7</key>
		<dict>
			<key>isa</key>
			<string>PBXFileReference</string>
			<key>lastKnownFileType</key>
			<string>wrapper.framework</string>
			<key>name</key>
			<string>Cocoa.framework</string>
			<key>path</key>
			<string>System/Library/Frameworks/Cocoa.framework</string>
			<key>sourceTree</key>
			<string>SDKROOT</string>
		</dict>
		<key>967933301855173100A49AC7</key>
		<dict>
			<key>fileRef</key>
			<string>9679332F1855173100A49AC7</string>
			<key>isa</key>
			<string>PBXBuildFile</string>
		</dict>
		<key>967933311855173100A49AC7</key>
		<dict>
			<key>children</key>
			<array>
				<string>967933321855173100A49AC7</string>
				<string>967933331855173100A49AC7</string>
				<string>967933341855173100A49AC7</string>
			</array>
			<key>isa</key>
			<string>PBXGroup</string>
			<key>name</key>
			<string>Other Frameworks</string>
			<key>sourceTree</key>
			<string>&lt;group&gt;</string>
		</dict>
		<key>967933321855173100A49AC7</key>
		<dict>
			<key>isa</key>
			<string>PBXFileReference</string>
			<key>lastKnownFileType</key>
			<string>wrapper.framework</string>
			<key>name</key>
			<string>AppKit.framework</string>
			<key>path</key>
			<string>System/Library/Frameworks/AppKit.framework</string>
			<key>sourceTree</key>
			<string>SDKROOT</string>
		</dict>
		<key>967933331855173100A49AC7</key>
		<dict>
			<key>isa</key>
			<string>PBXFileReference</string>
			<key>lastKnownFileType</key>
			<string>wrapper.framework</string>
			<key>name</key>
			<string>CoreData.framework</string>
			<key>path</key>
			<string>System/Library/Frameworks/CoreData.framework</string>
			<key>sourceTree</key>
			<string>SDKROOT</string>
		</dict>
		<key>967933341855173100A49AC7</key>
		<dict>
			<key>isa</key>
			<string>PBXFileReference</string>
			<key>lastKnownFileType</key>
			<string>wrapper.framework</string>
			<key>name</key>
			<string>Foundation.framework</string>
			<key>path</key>
			<string>System/Library/Frameworks/Foundation.framework</string>
			<key>sourceTree</key>
			<string>SDKROOT</string>
		</dict>
		<key>967933351855173100A49AC7</key>
		<dict>
			<key>children</key>
			<array>
				<string>0369231B1862934000E04DDB</string>
				<string>03A34919185E9FC700C4A62B</string>
				<string>03F33EE31857E21100E8F77E</string>
				<string>0362FF2218552FB300ADA4B4</string>
				<string>0362FF2318552FB300ADA4B4</string>
				<string>0362FF2418552FB300ADA4B4</string>
				<string>0362FF2518552FB300ADA4B4</string>
				<string>967933411855173100A49AC7</string>
				<string>967933421855173100A49AC7</string>
				<string>967933441855173100A49AC7</string>
				<string>967933471855173100A49AC7</string>
				<string>967933361855173100A49AC7</string>
			</array>
			<key>isa</key>
			<string>PBXGroup</string>
			<key>path</key>
			<string>BeardedSpice</string>
			<key>sourceTree</key>
			<string>&lt;group&gt;</string>
		</dict>
		<key>967933361855173100A49AC7</key>
		<dict>
			<key>children</key>
			<array>
				<string>0320C0531868C7A4009591CA</string>
				<string>17C5B63B18DB3649006F38C1</string>
				<string>0320C0511868C6C2009591CA</string>
				<string>17C5B63918DB33C0006F38C1</string>
				<string>030123391868B1F90080115F</string>
				<string>967933371855173100A49AC7</string>
				<string>967933381855173100A49AC7</string>
				<string>9679333B1855173100A49AC7</string>
				<string>9679333D1855173100A49AC7</string>
			</array>
			<key>isa</key>
			<string>PBXGroup</string>
			<key>name</key>
			<string>Supporting Files</string>
			<key>sourceTree</key>
			<string>&lt;group&gt;</string>
		</dict>
		<key>967933371855173100A49AC7</key>
		<dict>
			<key>isa</key>
			<string>PBXFileReference</string>
			<key>lastKnownFileType</key>
			<string>text.plist.xml</string>
			<key>path</key>
			<string>BeardedSpice-Info.plist</string>
			<key>sourceTree</key>
			<string>&lt;group&gt;</string>
		</dict>
		<key>967933381855173100A49AC7</key>
		<dict>
			<key>children</key>
			<array>
				<string>967933391855173100A49AC7</string>
			</array>
			<key>isa</key>
			<string>PBXVariantGroup</string>
			<key>name</key>
			<string>InfoPlist.strings</string>
			<key>sourceTree</key>
			<string>&lt;group&gt;</string>
		</dict>
		<key>967933391855173100A49AC7</key>
		<dict>
			<key>isa</key>
			<string>PBXFileReference</string>
			<key>lastKnownFileType</key>
			<string>text.plist.strings</string>
			<key>name</key>
			<string>en</string>
			<key>path</key>
			<string>en.lproj/InfoPlist.strings</string>
			<key>sourceTree</key>
			<string>&lt;group&gt;</string>
		</dict>
		<key>9679333A1855173100A49AC7</key>
		<dict>
			<key>fileRef</key>
			<string>967933381855173100A49AC7</string>
			<key>isa</key>
			<string>PBXBuildFile</string>
		</dict>
		<key>9679333B1855173100A49AC7</key>
		<dict>
			<key>isa</key>
			<string>PBXFileReference</string>
			<key>lastKnownFileType</key>
			<string>sourcecode.c.objc</string>
			<key>path</key>
			<string>main.m</string>
			<key>sourceTree</key>
			<string>&lt;group&gt;</string>
		</dict>
		<key>9679333C1855173100A49AC7</key>
		<dict>
			<key>fileRef</key>
			<string>9679333B1855173100A49AC7</string>
			<key>isa</key>
			<string>PBXBuildFile</string>
		</dict>
		<key>9679333D1855173100A49AC7</key>
		<dict>
			<key>isa</key>
			<string>PBXFileReference</string>
			<key>lastKnownFileType</key>
			<string>sourcecode.c.h</string>
			<key>path</key>
			<string>BeardedSpice-Prefix.pch</string>
			<key>sourceTree</key>
			<string>&lt;group&gt;</string>
		</dict>
		<key>967933411855173100A49AC7</key>
		<dict>
			<key>isa</key>
			<string>PBXFileReference</string>
			<key>lastKnownFileType</key>
			<string>sourcecode.c.h</string>
			<key>lineEnding</key>
			<string>0</string>
			<key>path</key>
			<string>AppDelegate.h</string>
			<key>sourceTree</key>
			<string>&lt;group&gt;</string>
			<key>xcLanguageSpecificationIdentifier</key>
			<string>xcode.lang.objcpp</string>
		</dict>
		<key>967933421855173100A49AC7</key>
		<dict>
			<key>isa</key>
			<string>PBXFileReference</string>
			<key>lastKnownFileType</key>
			<string>sourcecode.c.objc</string>
			<key>lineEnding</key>
			<string>0</string>
			<key>path</key>
			<string>AppDelegate.m</string>
			<key>sourceTree</key>
			<string>&lt;group&gt;</string>
			<key>xcLanguageSpecificationIdentifier</key>
			<string>xcode.lang.objc</string>
		</dict>
		<key>967933431855173100A49AC7</key>
		<dict>
			<key>fileRef</key>
			<string>967933421855173100A49AC7</string>
			<key>isa</key>
			<string>PBXBuildFile</string>
		</dict>
		<key>967933441855173100A49AC7</key>
		<dict>
			<key>children</key>
			<array>
				<string>967933451855173100A49AC7</string>
			</array>
			<key>isa</key>
			<string>PBXVariantGroup</string>
			<key>name</key>
			<string>MainMenu.xib</string>
			<key>sourceTree</key>
			<string>&lt;group&gt;</string>
		</dict>
		<key>967933451855173100A49AC7</key>
		<dict>
			<key>isa</key>
			<string>PBXFileReference</string>
			<key>lastKnownFileType</key>
			<string>file.xib</string>
			<key>name</key>
			<string>Base</string>
			<key>path</key>
			<string>Base.lproj/MainMenu.xib</string>
			<key>sourceTree</key>
			<string>&lt;group&gt;</string>
		</dict>
		<key>967933461855173100A49AC7</key>
		<dict>
			<key>fileRef</key>
			<string>967933441855173100A49AC7</string>
			<key>isa</key>
			<string>PBXBuildFile</string>
		</dict>
		<key>967933471855173100A49AC7</key>
		<dict>
			<key>isa</key>
			<string>PBXFileReference</string>
			<key>lastKnownFileType</key>
			<string>folder.assetcatalog</string>
			<key>path</key>
			<string>Images.xcassets</string>
			<key>sourceTree</key>
			<string>&lt;group&gt;</string>
		</dict>
		<key>967933481855173100A49AC7</key>
		<dict>
			<key>fileRef</key>
			<string>967933471855173100A49AC7</string>
			<key>isa</key>
			<string>PBXBuildFile</string>
		</dict>
		<key>967933491855173100A49AC7</key>
		<dict>
			<key>buildActionMask</key>
			<string>2147483647</string>
			<key>files</key>
			<array>
				<string>9679335A1855173100A49AC7</string>
			</array>
			<key>isa</key>
			<string>PBXSourcesBuildPhase</string>
			<key>runOnlyForDeploymentPostprocessing</key>
			<string>0</string>
		</dict>
		<key>9679334A1855173100A49AC7</key>
		<dict>
			<key>buildActionMask</key>
			<string>2147483647</string>
			<key>files</key>
			<array>
				<string>967933501855173100A49AC7</string>
				<string>9679334F1855173100A49AC7</string>
			</array>
			<key>isa</key>
			<string>PBXFrameworksBuildPhase</string>
			<key>runOnlyForDeploymentPostprocessing</key>
			<string>0</string>
		</dict>
		<key>9679334B1855173100A49AC7</key>
		<dict>
			<key>buildActionMask</key>
			<string>2147483647</string>
			<key>files</key>
			<array>
				<string>967933581855173100A49AC7</string>
			</array>
			<key>isa</key>
			<string>PBXResourcesBuildPhase</string>
			<key>runOnlyForDeploymentPostprocessing</key>
			<string>0</string>
		</dict>
		<key>9679334C1855173100A49AC7</key>
		<dict>
			<key>buildConfigurationList</key>
			<string>967933601855173100A49AC7</string>
			<key>buildPhases</key>
			<array>
				<string>967933491855173100A49AC7</string>
				<string>9679334A1855173100A49AC7</string>
				<string>9679334B1855173100A49AC7</string>
			</array>
			<key>buildRules</key>
			<array/>
			<key>dependencies</key>
			<array>
				<string>967933521855173100A49AC7</string>
			</array>
			<key>isa</key>
			<string>PBXNativeTarget</string>
			<key>name</key>
			<string>BeardedSpiceTests</string>
			<key>productName</key>
			<string>BeardedSpiceTests</string>
			<key>productReference</key>
			<string>9679334D1855173100A49AC7</string>
			<key>productType</key>
			<string>com.apple.product-type.bundle.unit-test</string>
		</dict>
		<key>9679334D1855173100A49AC7</key>
		<dict>
			<key>explicitFileType</key>
			<string>wrapper.cfbundle</string>
			<key>includeInIndex</key>
			<string>0</string>
			<key>isa</key>
			<string>PBXFileReference</string>
			<key>path</key>
			<string>BeardedSpiceTests.xctest</string>
			<key>sourceTree</key>
			<string>BUILT_PRODUCTS_DIR</string>
		</dict>
		<key>9679334E1855173100A49AC7</key>
		<dict>
			<key>isa</key>
			<string>PBXFileReference</string>
			<key>lastKnownFileType</key>
			<string>wrapper.framework</string>
			<key>name</key>
			<string>XCTest.framework</string>
			<key>path</key>
			<string>Library/Frameworks/XCTest.framework</string>
			<key>sourceTree</key>
			<string>DEVELOPER_DIR</string>
		</dict>
		<key>9679334F1855173100A49AC7</key>
		<dict>
			<key>fileRef</key>
			<string>9679334E1855173100A49AC7</string>
			<key>isa</key>
			<string>PBXBuildFile</string>
		</dict>
		<key>967933501855173100A49AC7</key>
		<dict>
			<key>fileRef</key>
			<string>9679332F1855173100A49AC7</string>
			<key>isa</key>
			<string>PBXBuildFile</string>
		</dict>
		<key>967933511855173100A49AC7</key>
		<dict>
			<key>containerPortal</key>
			<string>967933241855173100A49AC7</string>
			<key>isa</key>
			<string>PBXContainerItemProxy</string>
			<key>proxyType</key>
			<string>1</string>
			<key>remoteGlobalIDString</key>
			<string>9679332B1855173100A49AC7</string>
			<key>remoteInfo</key>
			<string>BeardedSpice</string>
		</dict>
		<key>967933521855173100A49AC7</key>
		<dict>
			<key>isa</key>
			<string>PBXTargetDependency</string>
			<key>target</key>
			<string>9679332B1855173100A49AC7</string>
			<key>targetProxy</key>
			<string>967933511855173100A49AC7</string>
		</dict>
		<key>967933531855173100A49AC7</key>
		<dict>
			<key>children</key>
			<array>
				<string>967933591855173100A49AC7</string>
				<string>967933541855173100A49AC7</string>
			</array>
			<key>isa</key>
			<string>PBXGroup</string>
			<key>path</key>
			<string>BeardedSpiceTests</string>
			<key>sourceTree</key>
			<string>&lt;group&gt;</string>
		</dict>
		<key>967933541855173100A49AC7</key>
		<dict>
			<key>children</key>
			<array>
				<string>967933551855173100A49AC7</string>
				<string>967933561855173100A49AC7</string>
			</array>
			<key>isa</key>
			<string>PBXGroup</string>
			<key>name</key>
			<string>Supporting Files</string>
			<key>sourceTree</key>
			<string>&lt;group&gt;</string>
		</dict>
		<key>967933551855173100A49AC7</key>
		<dict>
			<key>isa</key>
			<string>PBXFileReference</string>
			<key>lastKnownFileType</key>
			<string>text.plist.xml</string>
			<key>path</key>
			<string>BeardedSpiceTests-Info.plist</string>
			<key>sourceTree</key>
			<string>&lt;group&gt;</string>
		</dict>
		<key>967933561855173100A49AC7</key>
		<dict>
			<key>children</key>
			<array>
				<string>967933571855173100A49AC7</string>
			</array>
			<key>isa</key>
			<string>PBXVariantGroup</string>
			<key>name</key>
			<string>InfoPlist.strings</string>
			<key>sourceTree</key>
			<string>&lt;group&gt;</string>
		</dict>
		<key>967933571855173100A49AC7</key>
		<dict>
			<key>isa</key>
			<string>PBXFileReference</string>
			<key>lastKnownFileType</key>
			<string>text.plist.strings</string>
			<key>name</key>
			<string>en</string>
			<key>path</key>
			<string>en.lproj/InfoPlist.strings</string>
			<key>sourceTree</key>
			<string>&lt;group&gt;</string>
		</dict>
		<key>967933581855173100A49AC7</key>
		<dict>
			<key>fileRef</key>
			<string>967933561855173100A49AC7</string>
			<key>isa</key>
			<string>PBXBuildFile</string>
		</dict>
		<key>967933591855173100A49AC7</key>
		<dict>
			<key>isa</key>
			<string>PBXFileReference</string>
			<key>lastKnownFileType</key>
			<string>sourcecode.c.objc</string>
			<key>lineEnding</key>
			<string>0</string>
			<key>path</key>
			<string>BeardedSpiceTests.m</string>
			<key>sourceTree</key>
			<string>&lt;group&gt;</string>
			<key>xcLanguageSpecificationIdentifier</key>
			<string>xcode.lang.objc</string>
		</dict>
		<key>9679335A1855173100A49AC7</key>
		<dict>
			<key>fileRef</key>
			<string>967933591855173100A49AC7</string>
			<key>isa</key>
			<string>PBXBuildFile</string>
		</dict>
		<key>9679335B1855173100A49AC7</key>
		<dict>
			<key>buildSettings</key>
			<dict>
				<key>ALWAYS_SEARCH_USER_PATHS</key>
				<string>NO</string>
				<key>CLANG_CXX_LANGUAGE_STANDARD</key>
				<string>gnu++0x</string>
				<key>CLANG_CXX_LIBRARY</key>
				<string>libc++</string>
				<key>CLANG_ENABLE_OBJC_ARC</key>
				<string>YES</string>
				<key>CLANG_WARN_BOOL_CONVERSION</key>
				<string>YES</string>
				<key>CLANG_WARN_CONSTANT_CONVERSION</key>
				<string>YES</string>
				<key>CLANG_WARN_DIRECT_OBJC_ISA_USAGE</key>
				<string>YES_ERROR</string>
				<key>CLANG_WARN_EMPTY_BODY</key>
				<string>YES</string>
				<key>CLANG_WARN_ENUM_CONVERSION</key>
				<string>YES</string>
				<key>CLANG_WARN_INT_CONVERSION</key>
				<string>YES</string>
				<key>CLANG_WARN_OBJC_ROOT_CLASS</key>
				<string>YES_ERROR</string>
				<key>CLANG_WARN__DUPLICATE_METHOD_MATCH</key>
				<string>YES</string>
				<key>COPY_PHASE_STRIP</key>
				<string>NO</string>
				<key>GCC_C_LANGUAGE_STANDARD</key>
				<string>gnu99</string>
				<key>GCC_DYNAMIC_NO_PIC</key>
				<string>NO</string>
				<key>GCC_ENABLE_OBJC_EXCEPTIONS</key>
				<string>YES</string>
				<key>GCC_OPTIMIZATION_LEVEL</key>
				<string>0</string>
				<key>GCC_PREPROCESSOR_DEFINITIONS</key>
				<array>
					<string>DEBUG=1</string>
					<string>$(inherited)</string>
				</array>
				<key>GCC_SYMBOLS_PRIVATE_EXTERN</key>
				<string>NO</string>
				<key>GCC_WARN_64_TO_32_BIT_CONVERSION</key>
				<string>YES</string>
				<key>GCC_WARN_ABOUT_RETURN_TYPE</key>
				<string>YES_ERROR</string>
				<key>GCC_WARN_UNDECLARED_SELECTOR</key>
				<string>YES</string>
				<key>GCC_WARN_UNINITIALIZED_AUTOS</key>
				<string>YES</string>
				<key>GCC_WARN_UNUSED_FUNCTION</key>
				<string>YES</string>
				<key>GCC_WARN_UNUSED_VARIABLE</key>
				<string>YES</string>
				<key>MACOSX_DEPLOYMENT_TARGET</key>
				<string>10.8</string>
				<key>ONLY_ACTIVE_ARCH</key>
				<string>YES</string>
				<key>SDKROOT</key>
				<string>macosx</string>
			</dict>
			<key>isa</key>
			<string>XCBuildConfiguration</string>
			<key>name</key>
			<string>Debug</string>
		</dict>
		<key>9679335C1855173100A49AC7</key>
		<dict>
			<key>buildSettings</key>
			<dict>
				<key>ALWAYS_SEARCH_USER_PATHS</key>
				<string>NO</string>
				<key>CLANG_CXX_LANGUAGE_STANDARD</key>
				<string>gnu++0x</string>
				<key>CLANG_CXX_LIBRARY</key>
				<string>libc++</string>
				<key>CLANG_ENABLE_OBJC_ARC</key>
				<string>YES</string>
				<key>CLANG_WARN_BOOL_CONVERSION</key>
				<string>YES</string>
				<key>CLANG_WARN_CONSTANT_CONVERSION</key>
				<string>YES</string>
				<key>CLANG_WARN_DIRECT_OBJC_ISA_USAGE</key>
				<string>YES_ERROR</string>
				<key>CLANG_WARN_EMPTY_BODY</key>
				<string>YES</string>
				<key>CLANG_WARN_ENUM_CONVERSION</key>
				<string>YES</string>
				<key>CLANG_WARN_INT_CONVERSION</key>
				<string>YES</string>
				<key>CLANG_WARN_OBJC_ROOT_CLASS</key>
				<string>YES_ERROR</string>
				<key>CLANG_WARN__DUPLICATE_METHOD_MATCH</key>
				<string>YES</string>
				<key>COPY_PHASE_STRIP</key>
				<string>YES</string>
				<key>DEBUG_INFORMATION_FORMAT</key>
				<string>dwarf-with-dsym</string>
				<key>ENABLE_NS_ASSERTIONS</key>
				<string>NO</string>
				<key>GCC_C_LANGUAGE_STANDARD</key>
				<string>gnu99</string>
				<key>GCC_ENABLE_OBJC_EXCEPTIONS</key>
				<string>YES</string>
				<key>GCC_WARN_64_TO_32_BIT_CONVERSION</key>
				<string>YES</string>
				<key>GCC_WARN_ABOUT_RETURN_TYPE</key>
				<string>YES_ERROR</string>
				<key>GCC_WARN_UNDECLARED_SELECTOR</key>
				<string>YES</string>
				<key>GCC_WARN_UNINITIALIZED_AUTOS</key>
				<string>YES</string>
				<key>GCC_WARN_UNUSED_FUNCTION</key>
				<string>YES</string>
				<key>GCC_WARN_UNUSED_VARIABLE</key>
				<string>YES</string>
				<key>MACOSX_DEPLOYMENT_TARGET</key>
				<string>10.8</string>
				<key>SDKROOT</key>
				<string>macosx</string>
			</dict>
			<key>isa</key>
			<string>XCBuildConfiguration</string>
			<key>name</key>
			<string>Release</string>
		</dict>
		<key>9679335D1855173100A49AC7</key>
		<dict>
			<key>buildConfigurations</key>
			<array>
				<string>9679335E1855173100A49AC7</string>
				<string>9679335F1855173100A49AC7</string>
			</array>
			<key>defaultConfigurationIsVisible</key>
			<string>0</string>
			<key>defaultConfigurationName</key>
			<string>Release</string>
			<key>isa</key>
			<string>XCConfigurationList</string>
		</dict>
		<key>9679335E1855173100A49AC7</key>
		<dict>
			<key>baseConfigurationReference</key>
			<string>3DF78F42D6450533854962BA</string>
			<key>buildSettings</key>
			<dict>
				<key>ASSETCATALOG_COMPILER_APPICON_NAME</key>
				<string>AppIcon</string>
				<key>CLANG_ENABLE_OBJC_ARC</key>
				<string>YES</string>
				<key>COMBINE_HIDPI_IMAGES</key>
				<string>YES</string>
				<key>GCC_PRECOMPILE_PREFIX_HEADER</key>
				<string>YES</string>
				<key>GCC_PREFIX_HEADER</key>
				<string>BeardedSpice/BeardedSpice-Prefix.pch</string>
				<key>INFOPLIST_FILE</key>
				<string>BeardedSpice/BeardedSpice-Info.plist</string>
				<key>MACOSX_DEPLOYMENT_TARGET</key>
				<string>10.7</string>
				<key>PRODUCT_NAME</key>
				<string>BeardedSpice</string>
				<key>WRAPPER_EXTENSION</key>
				<string>app</string>
			</dict>
			<key>isa</key>
			<string>XCBuildConfiguration</string>
			<key>name</key>
			<string>Debug</string>
		</dict>
		<key>9679335F1855173100A49AC7</key>
		<dict>
			<key>baseConfigurationReference</key>
			<string>24BEB9DDA3D4C4CC2EA76507</string>
			<key>buildSettings</key>
			<dict>
				<key>ASSETCATALOG_COMPILER_APPICON_NAME</key>
				<string>AppIcon</string>
				<key>CLANG_ENABLE_OBJC_ARC</key>
				<string>YES</string>
				<key>COMBINE_HIDPI_IMAGES</key>
				<string>YES</string>
				<key>GCC_PRECOMPILE_PREFIX_HEADER</key>
				<string>YES</string>
				<key>GCC_PREFIX_HEADER</key>
				<string>BeardedSpice/BeardedSpice-Prefix.pch</string>
				<key>INFOPLIST_FILE</key>
				<string>BeardedSpice/BeardedSpice-Info.plist</string>
				<key>MACOSX_DEPLOYMENT_TARGET</key>
				<string>10.7</string>
				<key>PRODUCT_NAME</key>
				<string>BeardedSpice</string>
				<key>WRAPPER_EXTENSION</key>
				<string>app</string>
			</dict>
			<key>isa</key>
			<string>XCBuildConfiguration</string>
			<key>name</key>
			<string>Release</string>
		</dict>
		<key>967933601855173100A49AC7</key>
		<dict>
			<key>buildConfigurations</key>
			<array>
				<string>967933611855173100A49AC7</string>
				<string>967933621855173100A49AC7</string>
			</array>
			<key>defaultConfigurationIsVisible</key>
			<string>0</string>
			<key>defaultConfigurationName</key>
			<string>Release</string>
			<key>isa</key>
			<string>XCConfigurationList</string>
		</dict>
		<key>967933611855173100A49AC7</key>
		<dict>
			<key>buildSettings</key>
			<dict>
				<key>BUNDLE_LOADER</key>
				<string>$(BUILT_PRODUCTS_DIR)/BeardedSpice.app/Contents/MacOS/BeardedSpice</string>
				<key>COMBINE_HIDPI_IMAGES</key>
				<string>YES</string>
				<key>FRAMEWORK_SEARCH_PATHS</key>
				<array>
					<string>$(DEVELOPER_FRAMEWORKS_DIR)</string>
					<string>$(inherited)</string>
				</array>
				<key>GCC_PRECOMPILE_PREFIX_HEADER</key>
				<string>YES</string>
				<key>GCC_PREFIX_HEADER</key>
				<string>BeardedSpice/BeardedSpice-Prefix.pch</string>
				<key>GCC_PREPROCESSOR_DEFINITIONS</key>
				<array>
					<string>DEBUG=1</string>
					<string>$(inherited)</string>
				</array>
				<key>INFOPLIST_FILE</key>
				<string>BeardedSpiceTests/BeardedSpiceTests-Info.plist</string>
				<key>PRODUCT_NAME</key>
				<string>BeardedSpiceTests</string>
				<key>TEST_HOST</key>
				<string>$(BUNDLE_LOADER)</string>
				<key>WRAPPER_EXTENSION</key>
				<string>xctest</string>
			</dict>
			<key>isa</key>
			<string>XCBuildConfiguration</string>
			<key>name</key>
			<string>Debug</string>
		</dict>
		<key>967933621855173100A49AC7</key>
		<dict>
			<key>buildSettings</key>
			<dict>
				<key>BUNDLE_LOADER</key>
				<string>$(BUILT_PRODUCTS_DIR)/BeardedSpice.app/Contents/MacOS/BeardedSpice</string>
				<key>COMBINE_HIDPI_IMAGES</key>
				<string>YES</string>
				<key>FRAMEWORK_SEARCH_PATHS</key>
				<array>
					<string>$(DEVELOPER_FRAMEWORKS_DIR)</string>
					<string>$(inherited)</string>
				</array>
				<key>GCC_PRECOMPILE_PREFIX_HEADER</key>
				<string>YES</string>
				<key>GCC_PREFIX_HEADER</key>
				<string>BeardedSpice/BeardedSpice-Prefix.pch</string>
				<key>INFOPLIST_FILE</key>
				<string>BeardedSpiceTests/BeardedSpiceTests-Info.plist</string>
				<key>PRODUCT_NAME</key>
				<string>BeardedSpiceTests</string>
				<key>TEST_HOST</key>
				<string>$(BUNDLE_LOADER)</string>
				<key>WRAPPER_EXTENSION</key>
				<string>xctest</string>
			</dict>
			<key>isa</key>
			<string>XCBuildConfiguration</string>
			<key>name</key>
			<string>Release</string>
		</dict>
		<key>9679336318551A8F00A49AC7</key>
		<dict>
			<key>fileEncoding</key>
			<string>4</string>
			<key>isa</key>
			<string>PBXFileReference</string>
			<key>lastKnownFileType</key>
			<string>sourcecode.c.h</string>
			<key>path</key>
			<string>Chrome.h</string>
			<key>sourceTree</key>
			<string>&lt;group&gt;</string>
		</dict>
		<key>9679336418551BCC00A49AC7</key>
		<dict>
			<key>isa</key>
			<string>PBXFileReference</string>
			<key>lastKnownFileType</key>
			<string>wrapper.framework</string>
			<key>name</key>
			<string>ScriptingBridge.framework</string>
			<key>path</key>
			<string>System/Library/Frameworks/ScriptingBridge.framework</string>
			<key>sourceTree</key>
			<string>SDKROOT</string>
		</dict>
		<key>9679336518551BCC00A49AC7</key>
		<dict>
			<key>fileRef</key>
			<string>9679336418551BCC00A49AC7</string>
			<key>isa</key>
			<string>PBXBuildFile</string>
		</dict>
		<key>969E45701863E5830037226B</key>
		<dict>
			<key>fileEncoding</key>
			<string>4</string>
			<key>isa</key>
			<string>PBXFileReference</string>
			<key>lastKnownFileType</key>
			<string>sourcecode.c.h</string>
			<key>path</key>
			<string>LastFmStrategy.h</string>
			<key>sourceTree</key>
			<string>&lt;group&gt;</string>
		</dict>
		<key>969E45711863E5830037226B</key>
		<dict>
			<key>fileEncoding</key>
			<string>4</string>
			<key>isa</key>
			<string>PBXFileReference</string>
			<key>lastKnownFileType</key>
			<string>sourcecode.c.objc</string>
			<key>path</key>
			<string>LastFmStrategy.m</string>
			<key>sourceTree</key>
			<string>&lt;group&gt;</string>
		</dict>
		<key>969E45721863E5830037226B</key>
		<dict>
			<key>fileRef</key>
			<string>969E45711863E5830037226B</string>
			<key>isa</key>
			<string>PBXBuildFile</string>
		</dict>
		<key>9A699C48188B051000BB647E</key>
		<dict>
			<key>fileEncoding</key>
			<string>4</string>
			<key>isa</key>
			<string>PBXFileReference</string>
			<key>lastKnownFileType</key>
			<string>sourcecode.c.h</string>
			<key>path</key>
			<string>SongzaStrategy.h</string>
			<key>sourceTree</key>
			<string>&lt;group&gt;</string>
		</dict>
		<key>9A699C49188B051000BB647E</key>
		<dict>
			<key>fileEncoding</key>
			<string>4</string>
			<key>isa</key>
			<string>PBXFileReference</string>
			<key>lastKnownFileType</key>
			<string>sourcecode.c.objc</string>
			<key>path</key>
			<string>SongzaStrategy.m</string>
			<key>sourceTree</key>
			<string>&lt;group&gt;</string>
		</dict>
		<key>9A699C4A188B051000BB647E</key>
		<dict>
			<key>fileRef</key>
			<string>9A699C49188B051000BB647E</string>
			<key>isa</key>
			<string>PBXBuildFile</string>
		</dict>
		<key>9AF442D31886F71400CD7266</key>
		<dict>
			<key>fileEncoding</key>
			<string>4</string>
			<key>isa</key>
			<string>PBXFileReference</string>
			<key>lastKnownFileType</key>
			<string>sourcecode.c.h</string>
			<key>path</key>
			<string>EightTracksStrategy.h</string>
			<key>sourceTree</key>
			<string>&lt;group&gt;</string>
		</dict>
		<key>9AF442D41886F71400CD7266</key>
		<dict>
			<key>fileEncoding</key>
			<string>4</string>
			<key>isa</key>
			<string>PBXFileReference</string>
			<key>lastKnownFileType</key>
			<string>sourcecode.c.objc</string>
			<key>path</key>
			<string>EightTracksStrategy.m</string>
			<key>sourceTree</key>
			<string>&lt;group&gt;</string>
		</dict>
		<key>9AF442D51886F71400CD7266</key>
		<dict>
			<key>fileRef</key>
			<string>9AF442D41886F71400CD7266</string>
			<key>isa</key>
			<string>PBXBuildFile</string>
		</dict>
		<key>9B99132DCD96754B0E95442A</key>
		<dict>
			<key>children</key>
			<array>
				<string>3DF78F42D6450533854962BA</string>
				<string>24BEB9DDA3D4C4CC2EA76507</string>
			</array>
			<key>isa</key>
			<string>PBXGroup</string>
			<key>name</key>
			<string>Pods</string>
			<key>sourceTree</key>
			<string>&lt;group&gt;</string>
		</dict>
		<key>B3F72F996C864D30BAFDCE71</key>
		<dict>
			<key>buildActionMask</key>
			<string>2147483647</string>
			<key>files</key>
			<array/>
			<key>inputPaths</key>
			<array/>
			<key>isa</key>
			<string>PBXShellScriptBuildPhase</string>
			<key>name</key>
			<string>Copy Pods Resources</string>
			<key>outputPaths</key>
			<array/>
			<key>runOnlyForDeploymentPostprocessing</key>
			<string>0</string>
			<key>shellPath</key>
			<string>/bin/sh</string>
			<key>shellScript</key>
			<string>"${SRCROOT}/Pods/Target Support Files/Pods/Pods-resources.sh"
</string>
			<key>showEnvVarsInLog</key>
			<string>0</string>
		</dict>
		<key>B500FC3618D33F2E00FEFD74</key>
		<dict>
			<key>fileEncoding</key>
			<string>4</string>
			<key>isa</key>
			<string>PBXFileReference</string>
			<key>lastKnownFileType</key>
			<string>sourcecode.c.h</string>
			<key>path</key>
			<string>YandexMusicStrategy.h</string>
			<key>sourceTree</key>
			<string>&lt;group&gt;</string>
		</dict>
		<key>B500FC3718D33F2E00FEFD74</key>
		<dict>
			<key>fileEncoding</key>
			<string>4</string>
			<key>isa</key>
			<string>PBXFileReference</string>
			<key>lastKnownFileType</key>
			<string>sourcecode.c.objc</string>
			<key>path</key>
			<string>YandexMusicStrategy.m</string>
			<key>sourceTree</key>
			<string>&lt;group&gt;</string>
		</dict>
		<key>B500FC3818D33F2E00FEFD74</key>
		<dict>
			<key>fileRef</key>
			<string>B500FC3718D33F2E00FEFD74</string>
			<key>isa</key>
			<string>PBXBuildFile</string>
		</dict>
		<key>CA5CCF401887FC0700F7C1C3</key>
		<dict>
			<key>fileEncoding</key>
			<string>4</string>
			<key>isa</key>
			<string>PBXFileReference</string>
			<key>lastKnownFileType</key>
			<string>sourcecode.c.h</string>
			<key>path</key>
			<string>SynologyStrategy.h</string>
			<key>sourceTree</key>
			<string>&lt;group&gt;</string>
		</dict>
		<key>CA5CCF411887FC0700F7C1C3</key>
		<dict>
			<key>fileEncoding</key>
			<string>4</string>
			<key>isa</key>
			<string>PBXFileReference</string>
			<key>lastKnownFileType</key>
			<string>sourcecode.c.objc</string>
			<key>path</key>
			<string>SynologyStrategy.m</string>
			<key>sourceTree</key>
			<string>&lt;group&gt;</string>
		</dict>
		<key>CA5CCF421887FC0700F7C1C3</key>
		<dict>
			<key>fileRef</key>
			<string>CA5CCF411887FC0700F7C1C3</string>
			<key>isa</key>
			<string>PBXBuildFile</string>
		</dict>
		<key>D2D98CD7197F34BD00941CBD</key>
		<dict>
			<key>fileEncoding</key>
			<string>4</string>
			<key>isa</key>
			<string>PBXFileReference</string>
			<key>lastKnownFileType</key>
			<string>sourcecode.c.h</string>
			<key>path</key>
			<string>BopFm.h</string>
			<key>sourceTree</key>
			<string>&lt;group&gt;</string>
		</dict>
		<key>D2D98CD8197F34BD00941CBD</key>
		<dict>
			<key>fileEncoding</key>
			<string>4</string>
			<key>isa</key>
			<string>PBXFileReference</string>
			<key>lastKnownFileType</key>
			<string>sourcecode.c.objc</string>
			<key>path</key>
			<string>BopFm.m</string>
			<key>sourceTree</key>
			<string>&lt;group&gt;</string>
		</dict>
		<key>D2D98CD9197F34BD00941CBD</key>
		<dict>
			<key>fileRef</key>
			<string>D2D98CD8197F34BD00941CBD</string>
			<key>isa</key>
			<string>PBXBuildFile</string>
		</dict>
	</dict>
	<key>rootObject</key>
	<string>967933241855173100A49AC7</string>
</dict>
</plist>
